
Microsoft Visual Studio Solution File, Format Version 12.00
# Visual Studio Version 16
VisualStudioVersion = 16.0.29215.179
MinimumVisualStudioVersion = 10.0.40219.1
Project("{FAE04EC0-301F-11D3-BF4B-00C04F79EFBC}") = "DevanagariApp", "DevanagariApp\DevanagariApp.csproj", "{18A0E79E-B5AB-40F8-96CF-D516E1ADF3F0}"
EndProject
Global
	GlobalSection(SolutionConfigurationPlatforms) = preSolution
		Debug|Any CPU = Debug|Any CPU
		Release|Any CPU = Release|Any CPU
	EndGlobalSection
	GlobalSection(ProjectConfigurationPlatforms) = postSolution
		{18A0E79E-B5AB-40F8-96CF-D516E1ADF3F0}.Debug|Any CPU.ActiveCfg = Debug|Any CPU
		{18A0E79E-B5AB-40F8-96CF-D516E1ADF3F0}.Debug|Any CPU.Build.0 = Debug|Any CPU
		{18A0E79E-B5AB-40F8-96CF-D516E1ADF3F0}.Release|Any CPU.ActiveCfg = Release|Any CPU
		{18A0E79E-B5AB-40F8-96CF-D516E1ADF3F0}.Release|Any CPU.Build.0 = Release|Any CPU
	EndGlobalSection
	GlobalSection(SolutionProperties) = preSolution
		HideSolutionNode = FALSE
	EndGlobalSection
	GlobalSection(ExtensibilityGlobals) = postSolution
		SolutionGuid = {E9D4ED80-4065-455F-B7AA-D867D5B23B74}
	EndGlobalSection
EndGlobal
