
Microsoft Visual Studio Solution File, Format Version 12.00
# Visual Studio 2012
Project("{FAE04EC0-301F-11D3-BF4B-00C04F79EFBC}") = "MarathiApp", "MarathiApp\MarathiApp.csproj", "{18A0E79E-B5AB-40F8-96CF-D516E1ADF3F0}"
EndProject
Global
	GlobalSection(TeamFoundationVersionControl) = preSolution
		SccNumberOfProjects = 2
		SccEnterpriseProvider = {4CA58AB2-18FA-4F8D-95D4-32DDF27D184C}
		SccTeamFoundationServer = https://tfs.codeplex.com/tfs/tfs27
		SccLocalPath0 = .
		SccProjectUniqueName1 = MarathiApp\\MarathiApp.csproj
		SccProjectName1 = MarathiApp
		SccLocalPath1 = MarathiApp
	EndGlobalSection
	GlobalSection(SolutionConfigurationPlatforms) = preSolution
		Debug|Any CPU = Debug|Any CPU
		Release|Any CPU = Release|Any CPU
	EndGlobalSection
	GlobalSection(ProjectConfigurationPlatforms) = postSolution
		{18A0E79E-B5AB-40F8-96CF-D516E1ADF3F0}.Debug|Any CPU.ActiveCfg = Debug|Any CPU
		{18A0E79E-B5AB-40F8-96CF-D516E1ADF3F0}.Debug|Any CPU.Build.0 = Debug|Any CPU
		{18A0E79E-B5AB-40F8-96CF-D516E1ADF3F0}.Release|Any CPU.ActiveCfg = Release|Any CPU
		{18A0E79E-B5AB-40F8-96CF-D516E1ADF3F0}.Release|Any CPU.Build.0 = Release|Any CPU
	EndGlobalSection
	GlobalSection(SolutionProperties) = preSolution
		HideSolutionNode = FALSE
	EndGlobalSection
EndGlobal
